{
	"name": "sveltekit-jui",
	"version": "0.3.0",
	"lockfileVersion": 1,
	"requires": true,
	"dependencies": {
		"@lukeed/csprng": {
			"version": "1.0.0",
			"resolved": "https://registry.npmjs.org/@lukeed/csprng/-/csprng-1.0.0.tgz",
			"integrity": "sha512-ruuGHsnabmObBdeMg3vKdGRmh06Oog3eFpf/Tk6X0kDSJDpJTDCj2dqdp1+0VjzIUgHlFF9GBm7uFqfYhhdX9g=="
		},
		"@lukeed/uuid": {
			"version": "2.0.0",
			"resolved": "https://registry.npmjs.org/@lukeed/uuid/-/uuid-2.0.0.tgz",
			"integrity": "sha512-dUz8OmYvlY5A9wXaroHIMSPASpSYRLCqbPvxGSyHguhtTQIy24lC+EGxQlwv71AhRCO55WOtgwhzQLpw27JaJQ==",
			"requires": {
				"@lukeed/csprng": "^1.0.0"
			}
		},
		"@popperjs/core": {
			"version": "2.9.2",
			"resolved": "https://registry.npmjs.org/@popperjs/core/-/core-2.9.2.tgz",
			"integrity": "sha512-VZMYa7+fXHdwIq1TDhSXoVmSPEGM/aa+6Aiq3nVVJ9bXr24zScr+NlKFKC3iPljA7ho/GAZr+d2jOf5GIRC30Q=="
		},
		"@rollup/pluginutils": {
			"version": "4.1.0",
			"resolved": "https://registry.npmjs.org/@rollup/pluginutils/-/pluginutils-4.1.0.tgz",
			"integrity": "sha512-TrBhfJkFxA+ER+ew2U2/fHbebhLT/l/2pRk0hfj9KusXUuRXd2v0R58AfaZK9VXDQ4TogOSEmICVrQAA3zFnHQ==",
			"dev": true,
			"requires": {
				"estree-walker": "^2.0.1",
				"picomatch": "^2.2.2"
			}
		},
		"@sveltejs/adapter-node": {
			"version": "1.0.0-next.16",
			"resolved": "https://registry.npmjs.org/@sveltejs/adapter-node/-/adapter-node-1.0.0-next.16.tgz",
			"integrity": "sha512-XXZtiyX8dT1shmiKF2DwB2mCrMrUzFVRItYAV0B3BFF+U5775hpNS5krgtZnJdbA1AoW0Ay2OT+u6MKeQ5/KUQ==",
			"dev": true
		},
		"@sveltejs/adapter-vercel": {
			"version": "1.0.0-next.14",
			"resolved": "https://registry.npmjs.org/@sveltejs/adapter-vercel/-/adapter-vercel-1.0.0-next.14.tgz",
			"integrity": "sha512-6/8AmXfmjEBpgVtzvd6bFaKYd9RzBauUo+qMfmYV2hw/lvfe+TdJOzfJrSRfm5tj5ZCBMebMPqMBV27+9i3zqw==",
			"dev": true,
			"requires": {
				"@sveltejs/kit": "1.0.0-next.85",
				"esbuild": "^0.11.12"
			},
			"dependencies": {
				"esbuild": {
					"version": "0.11.12",
					"resolved": "https://registry.npmjs.org/esbuild/-/esbuild-0.11.12.tgz",
					"integrity": "sha512-c8cso/1RwVj+fbDvLtUgSG4ZJQ0y9Zdrl6Ot/GAjyy4pdMCHaFnDMts5gqFnWRPLajWtEnI+3hlET4R9fVoZng==",
					"dev": true
				}
			}
		},
		"@sveltejs/kit": {
			"version": "1.0.0-next.85",
			"resolved": "https://registry.npmjs.org/@sveltejs/kit/-/kit-1.0.0-next.85.tgz",
			"integrity": "sha512-hurjQxSObSDqX9RgKFBPRuDfCnGlEy8hg24g6SezV1grUV+qJ5JTNPxwQw75nOS11z67ZaHWwglw64OvqSBLgA==",
			"dev": true,
			"requires": {
				"@sveltejs/vite-plugin-svelte": "^1.0.0-next.7",
				"cheap-watch": "^1.0.3",
				"sade": "^1.7.4"
			}
		},
		"@sveltejs/vite-plugin-svelte": {
			"version": "1.0.0-next.7",
			"resolved": "https://registry.npmjs.org/@sveltejs/vite-plugin-svelte/-/vite-plugin-svelte-1.0.0-next.7.tgz",
			"integrity": "sha512-ENvKYY36jrvFP7h1G87k5uOoEh5UM1m8n40J2duqV/R3wHnxfW81SCR1aXo+5CVU8Prm3/jtS4TWs8CUTqO1fw==",
			"dev": true,
			"requires": {
				"@rollup/pluginutils": "^4.1.0",
				"chalk": "^4.1.0",
				"debug": "^4.3.2",
				"hash-sum": "^2.0.0",
				"require-relative": "^0.8.7",
				"slash": "^3.0.0",
				"source-map": "^0.7.3",
				"svelte-hmr": "^0.14.0"
			}
		},
		"@types/node": {
			"version": "14.14.37",
			"resolved": "https://registry.npmjs.org/@types/node/-/node-14.14.37.tgz",
			"integrity": "sha512-XYmBiy+ohOR4Lh5jE379fV2IU+6Jn4g5qASinhitfyO71b/sCo6MKsMLF5tc7Zf2CE8hViVQyYSobJNke8OvUw==",
			"dev": true
		},
		"@types/pug": {
			"version": "2.0.4",
			"resolved": "https://registry.npmjs.org/@types/pug/-/pug-2.0.4.tgz",
			"integrity": "sha1-h3L80EGOPNLMFxVV1zAHQVBR9LI=",
			"dev": true
		},
		"@types/sass": {
			"version": "1.16.0",
			"resolved": "https://registry.npmjs.org/@types/sass/-/sass-1.16.0.tgz",
			"integrity": "sha512-2XZovu4NwcqmtZtsBR5XYLw18T8cBCnU2USFHTnYLLHz9fkhnoEMoDsqShJIOFsFhn5aJHjweiUUdTrDGujegA==",
			"dev": true,
			"requires": {
				"@types/node": "*"
			}
		},
		"ansi-styles": {
			"version": "4.3.0",
			"resolved": "https://registry.npmjs.org/ansi-styles/-/ansi-styles-4.3.0.tgz",
			"integrity": "sha512-zbB9rCJAT1rbjiVDb2hqKFHNYLxgtk8NURxZ3IZwD3F6NtxbXZQCnnSi1Lkx+IDohdPlFp222wVALIheZJQSEg==",
			"dev": true,
			"requires": {
				"color-convert": "^2.0.1"
			}
		},
		"anymatch": {
			"version": "3.1.1",
			"resolved": "https://registry.npmjs.org/anymatch/-/anymatch-3.1.1.tgz",
			"integrity": "sha512-mM8522psRCqzV+6LhomX5wgp25YVibjh8Wj23I5RPkPppSVSjyKD2A2mBJmWGa+KN7f2D6LNh9jkBCeyLktzjg==",
			"dev": true,
			"requires": {
				"normalize-path": "^3.0.0",
				"picomatch": "^2.0.4"
			}
		},
		"autoprefixer": {
			"version": "10.2.5",
			"resolved": "https://registry.npmjs.org/autoprefixer/-/autoprefixer-10.2.5.tgz",
			"integrity": "sha512-7H4AJZXvSsn62SqZyJCP+1AWwOuoYpUfK6ot9vm0e87XD6mT8lDywc9D9OTJPMULyGcvmIxzTAMeG2Cc+YX+fA==",
			"dev": true,
			"requires": {
				"browserslist": "^4.16.3",
				"caniuse-lite": "^1.0.30001196",
				"colorette": "^1.2.2",
				"fraction.js": "^4.0.13",
				"normalize-range": "^0.1.2",
				"postcss-value-parser": "^4.1.0"
			}
		},
		"binary-extensions": {
			"version": "2.2.0",
			"resolved": "https://registry.npmjs.org/binary-extensions/-/binary-extensions-2.2.0.tgz",
			"integrity": "sha512-jDctJ/IVQbZoJykoeHbhXpOlNBqGNcwXJKJog42E5HDPUwQTSdjCHdihjj0DlnheQ7blbT6dHOafNAiS8ooQKA==",
			"dev": true
		},
		"braces": {
			"version": "3.0.2",
			"resolved": "https://registry.npmjs.org/braces/-/braces-3.0.2.tgz",
			"integrity": "sha512-b8um+L1RzM3WDSzvhm6gIz1yfTbBt6YTlcEKAvsmqCZZFw46z626lVj9j1yEPW33H5H+lBQpZMP1k8l+78Ha0A==",
			"dev": true,
			"requires": {
				"fill-range": "^7.0.1"
			}
		},
		"browserslist": {
			"version": "4.16.3",
			"resolved": "https://registry.npmjs.org/browserslist/-/browserslist-4.16.3.tgz",
			"integrity": "sha512-vIyhWmIkULaq04Gt93txdh+j02yX/JzlyhLYbV3YQCn/zvES3JnY7TifHHvvr1w5hTDluNKMkV05cs4vy8Q7sw==",
			"dev": true,
			"requires": {
				"caniuse-lite": "^1.0.30001181",
				"colorette": "^1.2.1",
				"electron-to-chromium": "^1.3.649",
				"escalade": "^3.1.1",
				"node-releases": "^1.1.70"
			}
		},
		"caniuse-lite": {
			"version": "1.0.30001208",
			"resolved": "https://registry.npmjs.org/caniuse-lite/-/caniuse-lite-1.0.30001208.tgz",
			"integrity": "sha512-OE5UE4+nBOro8Dyvv0lfx+SRtfVIOM9uhKqFmJeUbGriqhhStgp1A0OyBpgy3OUF8AhYCT+PVwPC1gMl2ZcQMA==",
			"dev": true
		},
		"chalk": {
			"version": "4.1.1",
			"resolved": "https://registry.npmjs.org/chalk/-/chalk-4.1.1.tgz",
			"integrity": "sha512-diHzdDKxcU+bAsUboHLPEDQiw0qEe0qd7SYUn3HgcFlWgbDcfLGswOHYeGrHKzG9z6UYf01d9VFMfZxPM1xZSg==",
			"dev": true,
			"requires": {
				"ansi-styles": "^4.1.0",
				"supports-color": "^7.1.0"
			}
		},
		"cheap-watch": {
			"version": "1.0.3",
			"resolved": "https://registry.npmjs.org/cheap-watch/-/cheap-watch-1.0.3.tgz",
			"integrity": "sha512-xC5CruMhLzjPwJ5ecUxGu1uGmwJQykUhqd2QrCrYbwvsFYdRyviu6jG9+pccwDXJR/OpmOTOJ9yLFunVgQu9wg==",
			"dev": true
		},
		"chokidar": {
			"version": "3.5.1",
			"resolved": "https://registry.npmjs.org/chokidar/-/chokidar-3.5.1.tgz",
			"integrity": "sha512-9+s+Od+W0VJJzawDma/gvBNQqkTiqYTWLuZoyAsivsI4AaWTCzHG06/TMjsf1cYe9Cb97UCEhjz7HvnPk2p/tw==",
			"dev": true,
			"requires": {
				"anymatch": "~3.1.1",
				"braces": "~3.0.2",
				"fsevents": "~2.3.1",
				"glob-parent": "~5.1.0",
				"is-binary-path": "~2.1.0",
				"is-glob": "~4.0.1",
				"normalize-path": "~3.0.0",
				"readdirp": "~3.5.0"
			}
		},
		"clipboard": {
			"version": "2.0.8",
			"resolved": "https://registry.npmjs.org/clipboard/-/clipboard-2.0.8.tgz",
			"integrity": "sha512-Y6WO0unAIQp5bLmk1zdThRhgJt/x3ks6f30s3oE3H1mgIEU33XyQjEf8gsf6DxC7NPX8Y1SsNWjUjL/ywLnnbQ==",
			"optional": true,
			"requires": {
				"good-listener": "^1.2.2",
				"select": "^1.1.2",
				"tiny-emitter": "^2.0.0"
			}
		},
		"color-convert": {
			"version": "2.0.1",
			"resolved": "https://registry.npmjs.org/color-convert/-/color-convert-2.0.1.tgz",
			"integrity": "sha512-RRECPsj7iu/xb5oKYcsFHSppFNnsj/52OVTRKb4zP5onXwVF3zVmmToNcOfGC+CRDpfK/U584fMg38ZHCaElKQ==",
			"dev": true,
			"requires": {
				"color-name": "~1.1.4"
			}
		},
		"color-name": {
			"version": "1.1.4",
			"resolved": "https://registry.npmjs.org/color-name/-/color-name-1.1.4.tgz",
			"integrity": "sha512-dOy+3AuW3a2wNbZHIuMZpTcgjGuLU/uBL/ubcZF9OXbDo8ff4O8yVp5Bf0efS8uEoYo5q4Fx7dY9OgQGXgAsQA==",
			"dev": true
		},
		"colorette": {
			"version": "1.2.2",
			"resolved": "https://registry.npmjs.org/colorette/-/colorette-1.2.2.tgz",
			"integrity": "sha512-MKGMzyfeuutC/ZJ1cba9NqcNpfeqMUcYmyF1ZFY6/Cn7CNSAKx6a+s48sqLqyAiZuaP2TcqMhoo+dlwFnVxT9w==",
			"dev": true
		},
		"debug": {
			"version": "4.3.2",
			"resolved": "https://registry.npmjs.org/debug/-/debug-4.3.2.tgz",
			"integrity": "sha512-mOp8wKcvj7XxC78zLgw/ZA+6TSgkoE2C/ienthhRD298T7UNwAg9diBpLRxC0mOezLl4B0xV7M0cCO6P/O0Xhw==",
			"dev": true,
			"requires": {
				"ms": "2.1.2"
			}
		},
		"delegate": {
			"version": "3.2.0",
			"resolved": "https://registry.npmjs.org/delegate/-/delegate-3.2.0.tgz",
			"integrity": "sha512-IofjkYBZaZivn0V8nnsMJGBr4jVLxHDheKSW88PyxS5QC4Vo9ZbZVvhzlSxY87fVq3STR6r+4cGepyHkcWOQSw==",
			"optional": true
		},
		"detect-indent": {
			"version": "6.0.0",
			"resolved": "https://registry.npmjs.org/detect-indent/-/detect-indent-6.0.0.tgz",
			"integrity": "sha512-oSyFlqaTHCItVRGK5RmrmjB+CmaMOW7IaNA/kdxqhoa6d17j/5ce9O9eWXmV/KEdRwqpQA+Vqe8a8Bsybu4YnA==",
			"dev": true
		},
		"electron-to-chromium": {
			"version": "1.3.712",
			"resolved": "https://registry.npmjs.org/electron-to-chromium/-/electron-to-chromium-1.3.712.tgz",
			"integrity": "sha512-3kRVibBeCM4vsgoHHGKHmPocLqtFAGTrebXxxtgKs87hNUzXrX2NuS3jnBys7IozCnw7viQlozxKkmty2KNfrw==",
			"dev": true
		},
		"esbuild": {
			"version": "0.9.7",
			"resolved": "https://registry.npmjs.org/esbuild/-/esbuild-0.9.7.tgz",
			"integrity": "sha512-VtUf6aQ89VTmMLKrWHYG50uByMF4JQlVysb8dmg6cOgW8JnFCipmz7p+HNBl+RR3LLCuBxFGVauAe2wfnF9bLg==",
			"dev": true
		},
		"escalade": {
			"version": "3.1.1",
			"resolved": "https://registry.npmjs.org/escalade/-/escalade-3.1.1.tgz",
			"integrity": "sha512-k0er2gUkLf8O0zKJiAhmkTnJlTvINGv7ygDNPbeIsX/TJjGJZHuh9B2UxbsaEkmlEo9MfhrSzmhIlhRlI2GXnw==",
			"dev": true
		},
		"estree-walker": {
			"version": "2.0.2",
			"resolved": "https://registry.npmjs.org/estree-walker/-/estree-walker-2.0.2.tgz",
			"integrity": "sha512-Rfkk/Mp/DL7JVje3u18FxFujQlTNR2q6QfMSMB7AvCBx91NGj/ba3kCfza0f6dVDbw7YlRf/nDrn7pQrCCyQ/w==",
			"dev": true
		},
		"fill-range": {
			"version": "7.0.1",
			"resolved": "https://registry.npmjs.org/fill-range/-/fill-range-7.0.1.tgz",
			"integrity": "sha512-qOo9F+dMUmC2Lcb4BbVvnKJxTPjCm+RRpe4gDuGrzkL7mEVl/djYSu2OdQ2Pa302N4oqkSg9ir6jaLWJ2USVpQ==",
			"dev": true,
			"requires": {
				"to-regex-range": "^5.0.1"
			}
		},
		"fraction.js": {
			"version": "4.0.13",
			"resolved": "https://registry.npmjs.org/fraction.js/-/fraction.js-4.0.13.tgz",
			"integrity": "sha512-E1fz2Xs9ltlUp+qbiyx9wmt2n9dRzPsS11Jtdb8D2o+cC7wr9xkkKsVKJuBX0ST+LVS+LhLO+SbLJNtfWcJvXA==",
			"dev": true
		},
		"fsevents": {
			"version": "2.3.2",
			"resolved": "https://registry.npmjs.org/fsevents/-/fsevents-2.3.2.tgz",
			"integrity": "sha512-xiqMQR4xAeHTuB9uWm+fFRcIOgKBMiOBP+eXiyT7jsgVCq1bkVygt00oASowB7EdtpOHaaPgKt812P9ab+DDKA==",
			"dev": true,
			"optional": true
		},
		"function-bind": {
			"version": "1.1.1",
			"resolved": "https://registry.npmjs.org/function-bind/-/function-bind-1.1.1.tgz",
			"integrity": "sha512-yIovAzMX49sF8Yl58fSCWJ5svSLuaibPxXQJFLmBObTuCr0Mf1KiPopGM9NiFjiYBCbfaa2Fh6breQ6ANVTI0A==",
			"dev": true
		},
		"glob-parent": {
			"version": "5.1.2",
			"resolved": "https://registry.npmjs.org/glob-parent/-/glob-parent-5.1.2.tgz",
			"integrity": "sha512-AOIgSQCepiJYwP3ARnGx+5VnTu2HBYdzbGP45eLw1vr3zB3vZLeyed1sC9hnbcOc9/SrMyM5RPQrkGz4aS9Zow==",
			"dev": true,
			"requires": {
				"is-glob": "^4.0.1"
			}
		},
		"good-listener": {
			"version": "1.2.2",
			"resolved": "https://registry.npmjs.org/good-listener/-/good-listener-1.2.2.tgz",
			"integrity": "sha1-1TswzfkxPf+33JoNR3CWqm0UXFA=",
			"optional": true,
			"requires": {
				"delegate": "^3.1.2"
			}
		},
		"has": {
			"version": "1.0.3",
			"resolved": "https://registry.npmjs.org/has/-/has-1.0.3.tgz",
			"integrity": "sha512-f2dvO0VU6Oej7RkWJGrehjbzMAjFp5/VKPp5tTpWIV4JHHZK1/BxbFRtf/siA2SWTe09caDmVtYYzWEIbBS4zw==",
			"dev": true,
			"requires": {
				"function-bind": "^1.1.1"
			}
		},
		"has-flag": {
			"version": "4.0.0",
			"resolved": "https://registry.npmjs.org/has-flag/-/has-flag-4.0.0.tgz",
			"integrity": "sha512-EykJT/Q1KjTWctppgIAgfSO0tKVuZUjhgMr17kqTumMl6Afv3EISleU7qZUzoXDFTAHTDC4NOoG/ZxU3EvlMPQ==",
			"dev": true
		},
		"hash-sum": {
			"version": "2.0.0",
			"resolved": "https://registry.npmjs.org/hash-sum/-/hash-sum-2.0.0.tgz",
			"integrity": "sha512-WdZTbAByD+pHfl/g9QSsBIIwy8IT+EsPiKDs0KNX+zSHhdDLFKdZu0BQHljvO+0QI/BasbMSUa8wYNCZTvhslg==",
			"dev": true
		},
		"is-binary-path": {
			"version": "2.1.0",
			"resolved": "https://registry.npmjs.org/is-binary-path/-/is-binary-path-2.1.0.tgz",
			"integrity": "sha512-ZMERYes6pDydyuGidse7OsHxtbI7WVeUEozgR/g7rd0xUimYNlvZRE/K2MgZTjWy725IfelLeVcEM97mmtRGXw==",
			"dev": true,
			"requires": {
				"binary-extensions": "^2.0.0"
			}
		},
		"is-core-module": {
			"version": "2.2.0",
			"resolved": "https://registry.npmjs.org/is-core-module/-/is-core-module-2.2.0.tgz",
			"integrity": "sha512-XRAfAdyyY5F5cOXn7hYQDqh2Xmii+DEfIcQGxK/uNwMHhIkPWO0g8msXcbzLe+MpGoR951MlqM/2iIlU4vKDdQ==",
			"dev": true,
			"requires": {
				"has": "^1.0.3"
			}
		},
		"is-extglob": {
			"version": "2.1.1",
			"resolved": "https://registry.npmjs.org/is-extglob/-/is-extglob-2.1.1.tgz",
			"integrity": "sha1-qIwCU1eR8C7TfHahueqXc8gz+MI=",
			"dev": true
		},
		"is-glob": {
			"version": "4.0.1",
			"resolved": "https://registry.npmjs.org/is-glob/-/is-glob-4.0.1.tgz",
			"integrity": "sha512-5G0tKtBTFImOqDnLB2hG6Bp2qcKEFduo4tZu9MT/H6NQv/ghhy30o55ufafxJ/LdH79LLs2Kfrn85TLKyA7BUg==",
			"dev": true,
			"requires": {
				"is-extglob": "^2.1.1"
			}
		},
		"is-number": {
			"version": "7.0.0",
			"resolved": "https://registry.npmjs.org/is-number/-/is-number-7.0.0.tgz",
			"integrity": "sha512-41Cifkg6e8TylSpdtTpeLVMqvSBEVzTttHvERD741+pnZ8ANv0004MRL43QKPDlK9cGvNp6NZWZUBlbGXYxxng==",
			"dev": true
		},
		"just-kebab-case": {
			"version": "1.1.0",
			"resolved": "https://registry.npmjs.org/just-kebab-case/-/just-kebab-case-1.1.0.tgz",
			"integrity": "sha512-QkuwuBMQ9BQHMUEkAtIA4INLrkmnnveqlFB1oFi09gbU0wBdZo6tTnyxNWMR84zHxBuwK7GLAwqN8nrvVxOLTA==",
			"dev": true
		},
		"lodash-es": {
			"version": "4.17.21",
			"resolved": "https://registry.npmjs.org/lodash-es/-/lodash-es-4.17.21.tgz",
			"integrity": "sha512-mKnC+QJ9pWVzv+C4/U3rRsHapFfHvQFoFB92e52xeyGMcX6/OlIl78je1u8vePzYZSkkogMPJ2yjxxsb89cxyw==",
			"dev": true
		},
		"min-indent": {
			"version": "1.0.1",
			"resolved": "https://registry.npmjs.org/min-indent/-/min-indent-1.0.1.tgz",
			"integrity": "sha512-I9jwMn07Sy/IwOj3zVkVik2JTvgpaykDZEigL6Rx6N9LbMywwUSMtxET+7lVoDLLd3O3IXwJwvuuns8UB/HeAg==",
			"dev": true
		},
		"mono-icons": {
			"version": "1.2.4",
			"resolved": "https://registry.npmjs.org/mono-icons/-/mono-icons-1.2.4.tgz",
			"integrity": "sha512-viQGdeuFGuxPHRLhl5Km7zBI8akErKZziZ6ADDlWTk5OPhOIrWxhlOkiVHARdOkmBfyjcLBJoR9Iptu5HICxdQ=="
		},
		"mri": {
			"version": "1.1.6",
			"resolved": "https://registry.npmjs.org/mri/-/mri-1.1.6.tgz",
			"integrity": "sha512-oi1b3MfbyGa7FJMP9GmLTttni5JoICpYBRlq+x5V16fZbLsnL9N3wFqqIm/nIG43FjUFkFh9Epzp/kzUGUnJxQ==",
			"dev": true
		},
		"ms": {
			"version": "2.1.2",
			"resolved": "https://registry.npmjs.org/ms/-/ms-2.1.2.tgz",
			"integrity": "sha512-sGkPx+VjMtmA6MX27oA4FBFELFCZZ4S4XqeGOXCv68tT+jb3vk/RyaKWP0PTKyWtmLSM0b+adUTEvbs1PEaH2w==",
			"dev": true
		},
		"nanoid": {
			"version": "3.1.22",
			"resolved": "https://registry.npmjs.org/nanoid/-/nanoid-3.1.22.tgz",
			"integrity": "sha512-/2ZUaJX2ANuLtTvqTlgqBQNJoQO398KyJgZloL0PZkC0dpysjncRUPsFe3DUPzz/y3h+u7C46np8RMuvF3jsSQ==",
			"dev": true
		},
		"node-releases": {
			"version": "1.1.71",
			"resolved": "https://registry.npmjs.org/node-releases/-/node-releases-1.1.71.tgz",
			"integrity": "sha512-zR6HoT6LrLCRBwukmrVbHv0EpEQjksO6GmFcZQQuCAy139BEsoVKPYnf3jongYW83fAa1torLGYwxxky/p28sg==",
			"dev": true
		},
		"normalize-path": {
			"version": "3.0.0",
			"resolved": "https://registry.npmjs.org/normalize-path/-/normalize-path-3.0.0.tgz",
			"integrity": "sha512-6eZs5Ls3WtCisHWp9S2GUy8dqkpGi4BVSz3GaqiE6ezub0512ESztXUwUB6C6IKbQkY2Pnb/mD4WYojCRwcwLA==",
			"dev": true
		},
		"normalize-range": {
			"version": "0.1.2",
			"resolved": "https://registry.npmjs.org/normalize-range/-/normalize-range-0.1.2.tgz",
			"integrity": "sha1-LRDAa9/TEuqXd2laTShDlFa3WUI=",
			"dev": true
		},
		"path-parse": {
			"version": "1.0.6",
			"resolved": "https://registry.npmjs.org/path-parse/-/path-parse-1.0.6.tgz",
			"integrity": "sha512-GSmOT2EbHrINBf9SR7CDELwlJ8AENk3Qn7OikK4nFYAu3Ote2+JYNVvkpAEQm3/TLNEJFD/xZJjzyxg3KBWOzw==",
			"dev": true
		},
		"picomatch": {
			"version": "2.2.2",
			"resolved": "https://registry.npmjs.org/picomatch/-/picomatch-2.2.2.tgz",
			"integrity": "sha512-q0M/9eZHzmr0AulXyPwNfZjtwZ/RBZlbN3K3CErVrk50T2ASYI7Bye0EvekFY3IP1Nt2DHu0re+V2ZHIpMkuWg==",
			"dev": true
		},
		"postcss": {
			"version": "8.2.8",
			"resolved": "https://registry.npmjs.org/postcss/-/postcss-8.2.8.tgz",
			"integrity": "sha512-1F0Xb2T21xET7oQV9eKuctbM9S7BC0fetoHCc4H13z0PT6haiRLP4T0ZY4XWh7iLP0usgqykT6p9B2RtOf4FPw==",
			"dev": true,
			"requires": {
				"colorette": "^1.2.2",
				"nanoid": "^3.1.20",
				"source-map": "^0.6.1"
			},
			"dependencies": {
				"source-map": {
					"version": "0.6.1",
					"resolved": "https://registry.npmjs.org/source-map/-/source-map-0.6.1.tgz",
					"integrity": "sha512-UjgapumWlbMhkBgzT7Ykc5YXUT46F0iKu8SGXq0bcwP5dz/h0Plj6enJqjz1Zbq2l5WaqYnrVbwWOWMyF3F47g==",
					"dev": true
				}
			}
		},
		"postcss-value-parser": {
			"version": "4.1.0",
			"resolved": "https://registry.npmjs.org/postcss-value-parser/-/postcss-value-parser-4.1.0.tgz",
			"integrity": "sha512-97DXOFbQJhk71ne5/Mt6cOu6yxsSfM0QGQyl0L25Gca4yGWEGJaig7l7gbCX623VqTBNGLRLaVUCnNkcedlRSQ==",
			"dev": true
		},
		"prismjs": {
			"version": "1.23.0",
			"resolved": "https://registry.npmjs.org/prismjs/-/prismjs-1.23.0.tgz",
			"integrity": "sha512-c29LVsqOaLbBHuIbsTxaKENh1N2EQBOHaWv7gkHN4dgRbxSREqDnDbtFJYdpPauS4YCplMSNCABQ6Eeor69bAA==",
			"requires": {
				"clipboard": "^2.0.0"
			}
		},
		"readdirp": {
			"version": "3.5.0",
			"resolved": "https://registry.npmjs.org/readdirp/-/readdirp-3.5.0.tgz",
			"integrity": "sha512-cMhu7c/8rdhkHXWsY+osBhfSy0JikwpHK/5+imo+LpeasTF8ouErHrlYkwT0++njiyuDvc7OFY5T3ukvZ8qmFQ==",
			"dev": true,
			"requires": {
				"picomatch": "^2.2.1"
			}
		},
		"require-relative": {
			"version": "0.8.7",
			"resolved": "https://registry.npmjs.org/require-relative/-/require-relative-0.8.7.tgz",
			"integrity": "sha1-eZlTn8ngR6N5KPoZb44VY9q9Nt4=",
			"dev": true
		},
		"resolve": {
			"version": "1.20.0",
			"resolved": "https://registry.npmjs.org/resolve/-/resolve-1.20.0.tgz",
			"integrity": "sha512-wENBPt4ySzg4ybFQW2TT1zMQucPK95HSh/nq2CFTZVOGut2+pQvSsgtda4d26YrYcr067wjbmzOG8byDPBX63A==",
			"dev": true,
			"requires": {
				"is-core-module": "^2.2.0",
				"path-parse": "^1.0.6"
			}
		},
		"rollup": {
			"version": "2.43.1",
			"resolved": "https://registry.npmjs.org/rollup/-/rollup-2.43.1.tgz",
			"integrity": "sha512-kvRE6VJbiv4d8m2nGeccc3qRpzOMghAhu2KeITjyZVCjneIFLPQ3zm2Wmqnl0LcUg3FvDaV0MfKnG4NCMbiSfw==",
			"dev": true,
			"requires": {
				"fsevents": "~2.3.1"
			}
		},
		"sade": {
			"version": "1.7.4",
			"resolved": "https://registry.npmjs.org/sade/-/sade-1.7.4.tgz",
			"integrity": "sha512-y5yauMD93rX840MwUJr7C1ysLFBgMspsdTo4UVrDg3fXDvtwOyIqykhVAAm6fk/3au77773itJStObgK+LKaiA==",
			"dev": true,
			"requires": {
				"mri": "^1.1.0"
			}
		},
		"sass": {
			"version": "1.32.8",
			"resolved": "https://registry.npmjs.org/sass/-/sass-1.32.8.tgz",
			"integrity": "sha512-Sl6mIeGpzjIUZqvKnKETfMf0iDAswD9TNlv13A7aAF3XZlRPMq4VvJWBC2N2DXbp94MQVdNSFG6LfF/iOXrPHQ==",
			"dev": true,
			"requires": {
				"chokidar": ">=2.0.0 <4.0.0"
			}
		},
		"select": {
			"version": "1.1.2",
			"resolved": "https://registry.npmjs.org/select/-/select-1.1.2.tgz",
			"integrity": "sha1-DnNQrN7ICxEIUoeG7B1EGNEbOW0=",
			"optional": true
		},
		"slash": {
			"version": "3.0.0",
			"resolved": "https://registry.npmjs.org/slash/-/slash-3.0.0.tgz",
			"integrity": "sha512-g9Q1haeby36OSStwb4ntCGGGaKsaVSjQ68fBxoQcutl5fS1vuY18H3wSt3jFyFtrkx+Kz0V1G85A4MyAdDMi2Q==",
			"dev": true
		},
		"source-map": {
			"version": "0.7.3",
			"resolved": "https://registry.npmjs.org/source-map/-/source-map-0.7.3.tgz",
			"integrity": "sha512-CkCj6giN3S+n9qrYiBTX5gystlENnRW5jZeNLHpe6aue+SrHcG5VYwujhW9s4dY31mEGsxBDrHR6oI69fTXsaQ==",
			"dev": true
		},
		"strip-indent": {
			"version": "3.0.0",
			"resolved": "https://registry.npmjs.org/strip-indent/-/strip-indent-3.0.0.tgz",
			"integrity": "sha512-laJTa3Jb+VQpaC6DseHhF7dXVqHTfJPCRDaEbid/drOhgitgYku/letMUqOXFoWV0zIIUbjpdH2t+tYj4bQMRQ==",
			"dev": true,
			"requires": {
				"min-indent": "^1.0.0"
			}
		},
		"supports-color": {
			"version": "7.2.0",
			"resolved": "https://registry.npmjs.org/supports-color/-/supports-color-7.2.0.tgz",
			"integrity": "sha512-qpCAvRl9stuOHveKsn7HncJRvv501qIacKzQlO/+Lwxc9+0q2wLyv4Dfvt80/DPn2pqOBsJdDiogXGR9+OvwRw==",
			"dev": true,
			"requires": {
				"has-flag": "^4.0.0"
			}
		},
		"svelte": {
			"version": "3.35.0",
			"resolved": "https://registry.npmjs.org/svelte/-/svelte-3.35.0.tgz",
			"integrity": "sha512-gknlZkR2sXheu/X+B7dDImwANVvK1R0QGQLd8CNIfxxGPeXBmePnxfzb6fWwTQRsYQG7lYkZXvpXJvxvpsoB7g==",
			"dev": true
		},
		"svelte-hmr": {
			"version": "0.14.0",
			"resolved": "https://registry.npmjs.org/svelte-hmr/-/svelte-hmr-0.14.0.tgz",
			"integrity": "sha512-Rc4w11U+U30m/cHqOJ/xioFSEAY5fd5muiQC7FL6XJuJAuB2OIJoEZl3KEJR2uO1/f4Bw0PdrugtbxcngSsOtQ==",
			"dev": true
		},
		"svelte-preprocess": {
			"version": "4.7.0",
			"resolved": "https://registry.npmjs.org/svelte-preprocess/-/svelte-preprocess-4.7.0.tgz",
			"integrity": "sha512-iNrY4YGqi0LD2e6oT9YbdSzOKntxk8gmzfqso1z/lUJOZh4o6fyIqkirmiZ8/dDJFqtIE1spVgDFWgkfhLEYlw==",
			"dev": true,
			"requires": {
				"@types/pug": "^2.0.4",
				"@types/sass": "^1.16.0",
				"detect-indent": "^6.0.0",
				"strip-indent": "^3.0.0"
			}
		},
		"tiny-emitter": {
			"version": "2.1.0",
			"resolved": "https://registry.npmjs.org/tiny-emitter/-/tiny-emitter-2.1.0.tgz",
			"integrity": "sha512-NB6Dk1A9xgQPMoGqC5CVXn123gWyte215ONT5Pp5a0yt4nlEoO1ZWeCwpncaekPHXO60i47ihFnZPiRPjRMq4Q==",
			"optional": true
		},
		"to-regex-range": {
			"version": "5.0.1",
			"resolved": "https://registry.npmjs.org/to-regex-range/-/to-regex-range-5.0.1.tgz",
			"integrity": "sha512-65P7iz6X5yEr1cwcgvQxbbIw7Uk3gOy5dIdtZ4rDveLqhrdJP+Li/Hx6tyK0NEb+2GCyneCMJiGqrADCSNk8sQ==",
			"dev": true,
			"requires": {
				"is-number": "^7.0.0"
			}
		},
		"uuid": {
			"version": "8.3.2",
			"resolved": "https://registry.npmjs.org/uuid/-/uuid-8.3.2.tgz",
			"integrity": "sha512-+NYs2QeMWy+GWFOEm9xnn6HCDp0l7QBD7ml8zLUmJ+93Q5NF0NocErnwkTkXVFNiX3/fpC6afS8Dhb/gz7R7eg=="
		},
		"uuid-v4": {
			"version": "0.1.0",
			"resolved": "https://registry.npmjs.org/uuid-v4/-/uuid-v4-0.1.0.tgz",
			"integrity": "sha1-YtezEEBvbOz+oVKMafHo4LzsWjo="
		},
		"vite": {
			"version": "2.1.3",
			"resolved": "https://registry.npmjs.org/vite/-/vite-2.1.3.tgz",
			"integrity": "sha512-bUzArZIUwADVJS/3ywCr4KKFn3a7izs4M87ZDlAlY2V34E4g1kH6p3sVNAh8/IXCn/56fwgMh3rRavPUW7qEQQ==",
			"dev": true,
			"requires": {
				"esbuild": "^0.9.3",
				"fsevents": "~2.3.1",
				"postcss": "^8.2.1",
				"resolve": "^1.19.0",
				"rollup": "^2.38.5"
			}
		}
	}
}
